
Microsoft Visual Studio Solution File, Format Version 12.00
# Visual Studio Version 16
VisualStudioVersion = 16.0.31729.503
MinimumVisualStudioVersion = 10.0.40219.1
Project("{FAE04EC0-301F-11D3-BF4B-00C04F79EFBC}") = "UnitTests", "UnitTests\UnitTests.csproj", "{7B54E974-37D1-48B4-9B20-6E02B6405955}"
EndProject
Project("{FAE04EC0-301F-11D3-BF4B-00C04F79EFBC}") = "SQ_TMS_Project", "SQ_TMS_Project\SQ_TMS_Project.csproj", "{EFA3EDC8-01DE-4BD4-96C7-36158CD24059}"
EndProject
Global
	GlobalSection(SolutionConfigurationPlatforms) = preSolution
		Debug|Any CPU = Debug|Any CPU
		Release|Any CPU = Release|Any CPU
	EndGlobalSection
	GlobalSection(ProjectConfigurationPlatforms) = postSolution
		{7B54E974-37D1-48B4-9B20-6E02B6405955}.Debug|Any CPU.ActiveCfg = Debug|Any CPU
		{7B54E974-37D1-48B4-9B20-6E02B6405955}.Debug|Any CPU.Build.0 = Debug|Any CPU
		{7B54E974-37D1-48B4-9B20-6E02B6405955}.Release|Any CPU.ActiveCfg = Release|Any CPU
		{7B54E974-37D1-48B4-9B20-6E02B6405955}.Release|Any CPU.Build.0 = Release|Any CPU
		{EFA3EDC8-01DE-4BD4-96C7-36158CD24059}.Debug|Any CPU.ActiveCfg = Debug|Any CPU
		{EFA3EDC8-01DE-4BD4-96C7-36158CD24059}.Debug|Any CPU.Build.0 = Debug|Any CPU
		{EFA3EDC8-01DE-4BD4-96C7-36158CD24059}.Release|Any CPU.ActiveCfg = Release|Any CPU
		{EFA3EDC8-01DE-4BD4-96C7-36158CD24059}.Release|Any CPU.Build.0 = Release|Any CPU
	EndGlobalSection
	GlobalSection(SolutionProperties) = preSolution
		HideSolutionNode = FALSE
	EndGlobalSection
	GlobalSection(ExtensibilityGlobals) = postSolution
		SolutionGuid = {45A3A143-863A-4C0D-9656-3E19ABBE30E2}
	EndGlobalSection
EndGlobal
